
Microsoft Visual Studio Solution File, Format Version 12.00
# Visual Studio Version 16
VisualStudioVersion = 16.0.31019.35
MinimumVisualStudioVersion = 10.0.40219.1
Project("{FAE04EC0-301F-11D3-BF4B-00C04F79EFBC}") = "TestApp", "TestApp.csproj", "{911A5CCE-2475-493D-9715-D5009622AB0A}"
EndProject
Global
	GlobalSection(SolutionConfigurationPlatforms) = preSolution
		Debug|Any CPU = Debug|Any CPU
		Release|Any CPU = Release|Any CPU
	EndGlobalSection
	GlobalSection(ProjectConfigurationPlatforms) = postSolution
		{911A5CCE-2475-493D-9715-D5009622AB0A}.Debug|Any CPU.ActiveCfg = Debug|Any CPU
		{911A5CCE-2475-493D-9715-D5009622AB0A}.Debug|Any CPU.Build.0 = Debug|Any CPU
		{911A5CCE-2475-493D-9715-D5009622AB0A}.Release|Any CPU.ActiveCfg = Release|Any CPU
		{911A5CCE-2475-493D-9715-D5009622AB0A}.Release|Any CPU.Build.0 = Release|Any CPU
	EndGlobalSection
	GlobalSection(SolutionProperties) = preSolution
		HideSolutionNode = FALSE
	EndGlobalSection
	GlobalSection(ExtensibilityGlobals) = postSolution
		SolutionGuid = {214B2273-A31E-4513-862B-CA6473EFED26}
	EndGlobalSection
EndGlobal
